
Microsoft Visual Studio Solution File, Format Version 12.00
# Visual Studio Version 17
VisualStudioVersion = 17.2.32602.215
MinimumVisualStudioVersion = 10.0.40219.1
Project("{9A19103F-16F7-4668-BE54-9A1E7A4F7556}") = "DoubleQueue", "DoubleQueue.csproj", "{9C679595-D1C4-427F-A050-95A8199886C6}"
EndProject
Project("{FAE04EC0-301F-11D3-BF4B-00C04F79EFBC}") = "DoubleQueue.Lib", "..\DoubleQueue.Lib\DoubleQueue.Lib.csproj", "{C253768B-2102-4F3A-B6AB-04F229420CB2}"
EndProject
Project("{FAE04EC0-301F-11D3-BF4B-00C04F79EFBC}") = "DoubleQueue.Tests", "..\DoubleQueue.Tests\DoubleQueue.Tests.csproj", "{58E8A1C4-A71C-4EAA-A6F3-B2DE675323EA}"
EndProject
Global
	GlobalSection(SolutionConfigurationPlatforms) = preSolution
		Debug|Any CPU = Debug|Any CPU
		Release|Any CPU = Release|Any CPU
	EndGlobalSection
	GlobalSection(ProjectConfigurationPlatforms) = postSolution
		{9C679595-D1C4-427F-A050-95A8199886C6}.Debug|Any CPU.ActiveCfg = Debug|Any CPU
		{9C679595-D1C4-427F-A050-95A8199886C6}.Debug|Any CPU.Build.0 = Debug|Any CPU
		{9C679595-D1C4-427F-A050-95A8199886C6}.Release|Any CPU.ActiveCfg = Release|Any CPU
		{9C679595-D1C4-427F-A050-95A8199886C6}.Release|Any CPU.Build.0 = Release|Any CPU
		{C253768B-2102-4F3A-B6AB-04F229420CB2}.Debug|Any CPU.ActiveCfg = Debug|Any CPU
		{C253768B-2102-4F3A-B6AB-04F229420CB2}.Debug|Any CPU.Build.0 = Debug|Any CPU
		{C253768B-2102-4F3A-B6AB-04F229420CB2}.Release|Any CPU.ActiveCfg = Release|Any CPU
		{C253768B-2102-4F3A-B6AB-04F229420CB2}.Release|Any CPU.Build.0 = Release|Any CPU
		{58E8A1C4-A71C-4EAA-A6F3-B2DE675323EA}.Debug|Any CPU.ActiveCfg = Debug|Any CPU
		{58E8A1C4-A71C-4EAA-A6F3-B2DE675323EA}.Debug|Any CPU.Build.0 = Debug|Any CPU
		{58E8A1C4-A71C-4EAA-A6F3-B2DE675323EA}.Release|Any CPU.ActiveCfg = Release|Any CPU
		{58E8A1C4-A71C-4EAA-A6F3-B2DE675323EA}.Release|Any CPU.Build.0 = Release|Any CPU
	EndGlobalSection
	GlobalSection(SolutionProperties) = preSolution
		HideSolutionNode = FALSE
	EndGlobalSection
	GlobalSection(ExtensibilityGlobals) = postSolution
		SolutionGuid = {C73428AE-2C2C-4F6B-A619-D87975A53297}
	EndGlobalSection
EndGlobal
